
Microsoft Visual Studio Solution File, Format Version 12.00
# Visual Studio Version 17
VisualStudioVersion = 17.0.31903.59
MinimumVisualStudioVersion = 10.0.40219.1
Project("{FAE04EC0-301F-11D3-BF4B-00C04F79EFBC}") = "BugTrack.API", "BugTrack.API\BugTrack.API.csproj", "{A97CB129-E49A-4B6C-ADF9-5316FCBCE20F}"
EndProject
Project("{FAE04EC0-301F-11D3-BF4B-00C04F79EFBC}") = "BugTrack.Core", "BugTrack.Core\BugTrack.Core.csproj", "{6F0605EE-0973-42A3-AFF3-009CE2AC4BE0}"
EndProject
Project("{FAE04EC0-301F-11D3-BF4B-00C04F79EFBC}") = "BugTrack.UI", "BugTrack.UI\BugTrack.UI.csproj", "{185EB529-B947-4FE5-9899-8133BDCC63C2}"
EndProject
Global
	GlobalSection(SolutionConfigurationPlatforms) = preSolution
		Debug|Any CPU = Debug|Any CPU
		Release|Any CPU = Release|Any CPU
	EndGlobalSection
	GlobalSection(SolutionProperties) = preSolution
		HideSolutionNode = FALSE
	EndGlobalSection
	GlobalSection(ProjectConfigurationPlatforms) = postSolution
		{A97CB129-E49A-4B6C-ADF9-5316FCBCE20F}.Debug|Any CPU.ActiveCfg = Debug|Any CPU
		{A97CB129-E49A-4B6C-ADF9-5316FCBCE20F}.Debug|Any CPU.Build.0 = Debug|Any CPU
		{A97CB129-E49A-4B6C-ADF9-5316FCBCE20F}.Release|Any CPU.ActiveCfg = Release|Any CPU
		{A97CB129-E49A-4B6C-ADF9-5316FCBCE20F}.Release|Any CPU.Build.0 = Release|Any CPU
		{6F0605EE-0973-42A3-AFF3-009CE2AC4BE0}.Debug|Any CPU.ActiveCfg = Debug|Any CPU
		{6F0605EE-0973-42A3-AFF3-009CE2AC4BE0}.Debug|Any CPU.Build.0 = Debug|Any CPU
		{6F0605EE-0973-42A3-AFF3-009CE2AC4BE0}.Release|Any CPU.ActiveCfg = Release|Any CPU
		{6F0605EE-0973-42A3-AFF3-009CE2AC4BE0}.Release|Any CPU.Build.0 = Release|Any CPU
		{185EB529-B947-4FE5-9899-8133BDCC63C2}.Debug|Any CPU.ActiveCfg = Debug|Any CPU
		{185EB529-B947-4FE5-9899-8133BDCC63C2}.Debug|Any CPU.Build.0 = Debug|Any CPU
		{185EB529-B947-4FE5-9899-8133BDCC63C2}.Release|Any CPU.ActiveCfg = Release|Any CPU
		{185EB529-B947-4FE5-9899-8133BDCC63C2}.Release|Any CPU.Build.0 = Release|Any CPU
	EndGlobalSection
EndGlobal
